
Microsoft Visual Studio Solution File, Format Version 12.00
# Visual Studio Version 16
VisualStudioVersion = 16.0.31702.278
MinimumVisualStudioVersion = 10.0.40219.1
Project("{FAE04EC0-301F-11D3-BF4B-00C04F79EFBC}") = "Calculator", "Calculator\Calculator.csproj", "{4851D752-5BB2-4325-918F-C674C30AD85F}"
EndProject
Global
	GlobalSection(SolutionConfigurationPlatforms) = preSolution
		Debug|Any CPU = Debug|Any CPU
		Release|Any CPU = Release|Any CPU
	EndGlobalSection
	GlobalSection(ProjectConfigurationPlatforms) = postSolution
		{4851D752-5BB2-4325-918F-C674C30AD85F}.Debug|Any CPU.ActiveCfg = Debug|Any CPU
		{4851D752-5BB2-4325-918F-C674C30AD85F}.Debug|Any CPU.Build.0 = Debug|Any CPU
		{4851D752-5BB2-4325-918F-C674C30AD85F}.Release|Any CPU.ActiveCfg = Release|Any CPU
		{4851D752-5BB2-4325-918F-C674C30AD85F}.Release|Any CPU.Build.0 = Release|Any CPU
	EndGlobalSection
	GlobalSection(SolutionProperties) = preSolution
		HideSolutionNode = FALSE
	EndGlobalSection
	GlobalSection(ExtensibilityGlobals) = postSolution
		SolutionGuid = {CA2F4539-7B63-404F-BA29-03477C3E4E77}
	EndGlobalSection
EndGlobal
